
Microsoft Visual Studio Solution File, Format Version 12.00
# Visual Studio Version 17
VisualStudioVersion = 17.5.002.0
MinimumVisualStudioVersion = 10.0.40219.1
Project("{9A19103F-16F7-4668-BE54-9A1E7A4F7556}") = "dotnet-rest-api", "dotnet-rest-api.csproj", "{A49A7238-FBCD-489D-A0C9-A2BEB91015AE}"
EndProject
Global
	GlobalSection(SolutionConfigurationPlatforms) = preSolution
		Debug|Any CPU = Debug|Any CPU
		Release|Any CPU = Release|Any CPU
	EndGlobalSection
	GlobalSection(ProjectConfigurationPlatforms) = postSolution
		{A49A7238-FBCD-489D-A0C9-A2BEB91015AE}.Debug|Any CPU.ActiveCfg = Debug|Any CPU
		{A49A7238-FBCD-489D-A0C9-A2BEB91015AE}.Debug|Any CPU.Build.0 = Debug|Any CPU
		{A49A7238-FBCD-489D-A0C9-A2BEB91015AE}.Release|Any CPU.ActiveCfg = Release|Any CPU
		{A49A7238-FBCD-489D-A0C9-A2BEB91015AE}.Release|Any CPU.Build.0 = Release|Any CPU
	EndGlobalSection
	GlobalSection(SolutionProperties) = preSolution
		HideSolutionNode = FALSE
	EndGlobalSection
	GlobalSection(ExtensibilityGlobals) = postSolution
		SolutionGuid = {4720DB29-D812-45EB-AA5D-51A40943E201}
	EndGlobalSection
EndGlobal
